{
  "name": "f5-overbridge",
  "version": "1.0.0",
  "lockfileVersion": 1,
  "requires": true,
  "dependencies": {
    "aws-signature-v4": {
      "version": "1.2.1",
      "resolved": "https://registry.npmjs.org/aws-signature-v4/-/aws-signature-v4-1.2.1.tgz",
      "integrity": "sha512-k0tu2qi1sEAjUGqAat75h+u9mRVZvVk7VWZFgmdcw/6eN+NCKOuMsd/ajVhOCje6KjatFDhZh/eRWWwZbizIpw=="
    }
  }
}
